lockfile_version: '1'
generated_at: '2026-09-19T11:10:41.052941+00:00'
apm_version: 0.26.0
dependencies:
- repo_url: 9sako6/-
  name: minus
  host: github.com
  resolved_commit: 57ea40323b813642d5ae6b3dd69834b5311cfccd
  resolved_ref: 57ea40323b813642d5ae6b3dd69834b5311cfccd
  version: unknown
  virtual_path: skills/minus
  is_virtual: true
  package_type: claude_skill
  deployed_files:
  - .agents/skills/minus
  - .agents/skills/minus/SKILL.md
  - .claude/skills/minus
  - .claude/skills/minus/SKILL.md
  deployed_file_hashes:
    .agents/skills/minus/SKILL.md: sha256:20956b26feb8e68c6e6873810f62c08e56e69a762f4447c1943dd8ab2d006e81
    .claude/skills/minus/SKILL.md: sha256:20956b26feb8e68c6e6873810f62c08e56e69a762f4447c1943dd8ab2d006e81
  content_hash: sha256:b8b3e28b6408b8820bc64bf74b4444320e21a373acc10200225f175373281fed
- repo_url: _local/anki
  name: anki
  version: 0.0.0
  package_type: claude_skill
  deployed_files:
  - .agents/skills/anki
  - .agents/skills/anki/SKILL.md
  - .agents/skills/anki/references/card-design.md
  - .agents/skills/anki/tools/anki-connect-boundary.test.ts
  - .agents/skills/anki/tools/anki-connect.test.ts
  - .agents/skills/anki/tools/anki-connect.ts
  - .agents/skills/anki/tools/goal.test.ts
  - .agents/skills/anki/tools/goal.ts
  - .claude/skills/anki
  - .claude/skills/anki/SKILL.md
  - .claude/skills/anki/references/card-design.md
  - .claude/skills/anki/tools/anki-connect-boundary.test.ts
  - .claude/skills/anki/tools/anki-connect.test.ts
  - .claude/skills/anki/tools/anki-connect.ts
  - .claude/skills/anki/tools/goal.test.ts
  - .claude/skills/anki/tools/goal.ts
  deployed_file_hashes:
    .agents/skills/anki/SKILL.md: sha256:426d709f3c9505f6823d58a1dd137cf2455217f3b4762a37fba9566164b516ab
    .agents/skills/anki/references/card-design.md: sha256:cfbe51602f2a62d931faa2d7a2018e1629f512c34532717940443ca18577ccb9
    .agents/skills/anki/tools/anki-connect-boundary.test.ts: sha256:0a4a00bec3b8ba4f9a5f94ddf96523a727abfb895f68dd77b83e36bdbddc0cb2
    .agents/skills/anki/tools/anki-connect.test.ts: sha256:8ba8d3d9156ea7c04489087b2c9943149285de2f0d2fb3d51c8ea9611ca31884
    .agents/skills/anki/tools/anki-connect.ts: sha256:1df52d590648000d72ac3f7596bb5b2d882653f5f126cadcd583b5f48c9da4bf
    .agents/skills/anki/tools/goal.test.ts: sha256:1421e208c572e920557fe20f39b6faf15ca41939a19431d634ede800cc22f0ca
    .agents/skills/anki/tools/goal.ts: sha256:d261964c5302c1160d916e8968434224a5f601c2cdad029b4480b757aa668bd4
    .claude/skills/anki/SKILL.md: sha256:426d709f3c9505f6823d58a1dd137cf2455217f3b4762a37fba9566164b516ab
    .claude/skills/anki/references/card-design.md: sha256:cfbe51602f2a62d931faa2d7a2018e1629f512c34532717940443ca18577ccb9
    .claude/skills/anki/tools/anki-connect-boundary.test.ts: sha256:0a4a00bec3b8ba4f9a5f94ddf96523a727abfb895f68dd77b83e36bdbddc0cb2
    .claude/skills/anki/tools/anki-connect.test.ts: sha256:8ba8d3d9156ea7c04489087b2c9943149285de2f0d2fb3d51c8ea9611ca31884
    .claude/skills/anki/tools/anki-connect.ts: sha256:1df52d590648000d72ac3f7596bb5b2d882653f5f126cadcd583b5f48c9da4bf
    .claude/skills/anki/tools/goal.test.ts: sha256:1421e208c572e920557fe20f39b6faf15ca41939a19431d634ede800cc22f0ca
    .claude/skills/anki/tools/goal.ts: sha256:d261964c5302c1160d916e8968434224a5f601c2cdad029b4480b757aa668bd4
  source: local
  local_path: ./.apm/skills/anki
- repo_url: _local/design-it
  name: design-it
  version: 0.0.0
  package_type: claude_skill
  deployed_files:
  - .agents/skills/design-it
  - .agents/skills/design-it/SKILL.md
  - .claude/skills/design-it
  - .claude/skills/design-it/SKILL.md
  deployed_file_hashes:
    .agents/skills/design-it/SKILL.md: sha256:6cc6cdc04ae827a0d13a6ee5acb8a755336fa3af3fbbd3df15f5bd44bd9dabcc
    .claude/skills/design-it/SKILL.md: sha256:6cc6cdc04ae827a0d13a6ee5acb8a755336fa3af3fbbd3df15f5bd44bd9dabcc
  source: local
  local_path: ./.apm/skills/design-it
- repo_url: _local/jp
  name: jp
  version: 0.0.0
  package_type: claude_skill
  deployed_files:
  - .agents/skills/jp
  - .agents/skills/jp/SKILL.md
  - .agents/skills/jp/references/writing-rules.md
  - .claude/skills/jp
  - .claude/skills/jp/SKILL.md
  - .claude/skills/jp/references/writing-rules.md
  deployed_file_hashes:
    .agents/skills/jp/SKILL.md: sha256:8b215166d4427cbe67793397d9e8ef99b33474ffd80ca40e4e48a78e1fe7fa80
    .agents/skills/jp/references/writing-rules.md: sha256:7fded38b12883e6778ab57db6526b83d3f692d8e8c7d6acc36ae45f1edc8b901
    .claude/skills/jp/SKILL.md: sha256:8b215166d4427cbe67793397d9e8ef99b33474ffd80ca40e4e48a78e1fe7fa80
    .claude/skills/jp/references/writing-rules.md: sha256:7fded38b12883e6778ab57db6526b83d3f692d8e8c7d6acc36ae45f1edc8b901
  source: local
  local_path: ./.apm/skills/jp
- repo_url: _local/model-it
  name: model-it
  version: 0.0.0
  package_type: claude_skill
  deployed_files:
  - .agents/skills/model-it
  - .agents/skills/model-it/SKILL.md
  - .claude/skills/model-it
  - .claude/skills/model-it/SKILL.md
  deployed_file_hashes:
    .agents/skills/model-it/SKILL.md: sha256:af557817b18fcfa86f55e0a0c1ec892aa22e0c48e9c9ef926cc9001657de66de
    .claude/skills/model-it/SKILL.md: sha256:af557817b18fcfa86f55e0a0c1ec892aa22e0c48e9c9ef926cc9001657de66de
  source: local
  local_path: ./.apm/skills/model-it
- repo_url: _local/resolve-it
  name: resolve-it
  version: 0.0.0
  package_type: claude_skill
  deployed_files:
  - .agents/skills/resolve-it
  - .agents/skills/resolve-it/SKILL.md
  - .claude/skills/resolve-it
  - .claude/skills/resolve-it/SKILL.md
  deployed_file_hashes:
    .agents/skills/resolve-it/SKILL.md: sha256:d29def3739738c2c82f032bf842371885992846b61b275bd354beaa897f0c5b8
    .claude/skills/resolve-it/SKILL.md: sha256:d29def3739738c2c82f032bf842371885992846b61b275bd354beaa897f0c5b8
  source: local
  local_path: ./.apm/skills/resolve-it
- repo_url: mattpocock/skills
  name: grill-me
  host: github.com
  resolved_commit: b8be62ffacb0118fa3eaa29a0923c87c8c11985c
  resolved_ref: b8be62ffacb0118fa3eaa29a0923c87c8c11985c
  version: unknown
  virtual_path: skills/productivity/grill-me
  is_virtual: true
  package_type: claude_skill
  deployed_files:
  - .agents/skills/grill-me
  - .agents/skills/grill-me/SKILL.md
  - .claude/skills/grill-me
  - .claude/skills/grill-me/SKILL.md
  deployed_file_hashes:
    .agents/skills/grill-me/SKILL.md: sha256:74147eb6010a65957efef2b9e0f0b3ff935c1def7fc117697151b1d0f3610556
    .claude/skills/grill-me/SKILL.md: sha256:74147eb6010a65957efef2b9e0f0b3ff935c1def7fc117697151b1d0f3610556
  content_hash: sha256:784f0dbb7403b0f00324bce9a112f715342777a0daee7bbb7385f9c6f0a170ea
deployments:
- kind: project-relative
  target: agents
  value: .agents/skills/jp/references/fallback.md
  runtime: null
  scope: project
  owners:
  - .
  active_owner: .
  content_hash: sha256:ac4b38c040d1c47d87e1de9cd76283e254296b1828d56ea009450b154c94d2a6
- kind: project-relative
  target: agents
  value: .agents/skills/rails-mysql-explain
  runtime: null
  scope: project
  owners:
  - .
  active_owner: .
  content_hash: null
- kind: project-relative
  target: agents
  value: .agents/skills/rails-mysql-explain/SKILL.md
  runtime: null
  scope: project
  owners:
  - .
  active_owner: .
  content_hash: sha256:eebef44060a0a5e62a31152189f66652bbb0c37bea213e2e6c2fcb7bcf0694af
- kind: project-relative
  target: agents
  value: .agents/skills/rails-mysql-explain/references/explain-guide.md
  runtime: null
  scope: project
  owners:
  - .
  active_owner: .
  content_hash: sha256:b22c01f2259eb9bec46538452301bd0a1fff59035be1557226691d84f6812ff2
- kind: project-relative
  target: claude
  value: .claude/rules/global.md
  runtime: null
  scope: project
  owners:
  - .
  active_owner: .
  content_hash: sha256:1bde14b566a65a79d32da058eed5692ab79eda071e0fe307faa4a5fb0a69c141
- kind: project-relative
  target: claude
  value: .claude/skills/anki
  runtime: null
  scope: project
  owners:
  - ./.apm/skills/anki
  - .
  active_owner: ./.apm/skills/anki
  content_hash: null
- kind: project-relative
  target: claude
  value: .claude/skills/anki/SKILL.md
  runtime: null
  scope: project
  owners:
  - ./.apm/skills/anki
  - .
  active_owner: ./.apm/skills/anki
  content_hash: sha256:426d709f3c9505f6823d58a1dd137cf2455217f3b4762a37fba9566164b516ab
- kind: project-relative
  target: claude
  value: .claude/skills/anki/references/card-design.md
  runtime: null
  scope: project
  owners:
  - ./.apm/skills/anki
  - .
  active_owner: ./.apm/skills/anki
  content_hash: sha256:cfbe51602f2a62d931faa2d7a2018e1629f512c34532717940443ca18577ccb9
- kind: project-relative
  target: claude
  value: .claude/skills/anki/tools/anki-connect-boundary.test.ts
  runtime: null
  scope: project
  owners:
  - ./.apm/skills/anki
  - .
  active_owner: ./.apm/skills/anki
  content_hash: sha256:0a4a00bec3b8ba4f9a5f94ddf96523a727abfb895f68dd77b83e36bdbddc0cb2
- kind: project-relative
  target: claude
  value: .claude/skills/anki/tools/anki-connect.test.ts
  runtime: null
  scope: project
  owners:
  - ./.apm/skills/anki
  - .
  active_owner: ./.apm/skills/anki
  content_hash: sha256:8ba8d3d9156ea7c04489087b2c9943149285de2f0d2fb3d51c8ea9611ca31884
- kind: project-relative
  target: claude
  value: .claude/skills/anki/tools/anki-connect.ts
  runtime: null
  scope: project
  owners:
  - ./.apm/skills/anki
  - .
  active_owner: ./.apm/skills/anki
  content_hash: sha256:1df52d590648000d72ac3f7596bb5b2d882653f5f126cadcd583b5f48c9da4bf
- kind: project-relative
  target: claude
  value: .claude/skills/anki/tools/goal.test.ts
  runtime: null
  scope: project
  owners:
  - ./.apm/skills/anki
  - .
  active_owner: ./.apm/skills/anki
  content_hash: sha256:1421e208c572e920557fe20f39b6faf15ca41939a19431d634ede800cc22f0ca
- kind: project-relative
  target: claude
  value: .claude/skills/anki/tools/goal.ts
  runtime: null
  scope: project
  owners:
  - ./.apm/skills/anki
  - .
  active_owner: ./.apm/skills/anki
  content_hash: sha256:d261964c5302c1160d916e8968434224a5f601c2cdad029b4480b757aa668bd4
- kind: project-relative
  target: claude
  value: .claude/skills/design-it
  runtime: null
  scope: project
  owners:
  - ./.apm/skills/design-it
  - .
  active_owner: ./.apm/skills/design-it
  content_hash: null
- kind: project-relative
  target: claude
  value: .claude/skills/design-it/SKILL.md
  runtime: null
  scope: project
  owners:
  - ./.apm/skills/design-it
  - .
  active_owner: ./.apm/skills/design-it
  content_hash: sha256:6cc6cdc04ae827a0d13a6ee5acb8a755336fa3af3fbbd3df15f5bd44bd9dabcc
- kind: project-relative
  target: claude
  value: .claude/skills/grill-me
  runtime: null
  scope: project
  owners:
  - mattpocock/skills/skills/productivity/grill-me
  active_owner: mattpocock/skills/skills/productivity/grill-me
  content_hash: null
- kind: project-relative
  target: claude
  value: .claude/skills/grill-me/SKILL.md
  runtime: null
  scope: project
  owners:
  - mattpocock/skills/skills/productivity/grill-me
  active_owner: mattpocock/skills/skills/productivity/grill-me
  content_hash: sha256:74147eb6010a65957efef2b9e0f0b3ff935c1def7fc117697151b1d0f3610556
- kind: project-relative
  target: claude
  value: .claude/skills/jp
  runtime: null
  scope: project
  owners:
  - ./.apm/skills/jp
  - .
  active_owner: ./.apm/skills/jp
  content_hash: null
- kind: project-relative
  target: claude
  value: .claude/skills/jp/SKILL.md
  runtime: null
  scope: project
  owners:
  - ./.apm/skills/jp
  - .
  active_owner: ./.apm/skills/jp
  content_hash: sha256:8b215166d4427cbe67793397d9e8ef99b33474ffd80ca40e4e48a78e1fe7fa80
- kind: project-relative
  target: claude
  value: .claude/skills/jp/references/writing-rules.md
  runtime: null
  scope: project
  owners:
  - ./.apm/skills/jp
  - .
  active_owner: ./.apm/skills/jp
  content_hash: sha256:7fded38b12883e6778ab57db6526b83d3f692d8e8c7d6acc36ae45f1edc8b901
- kind: project-relative
  target: claude
  value: .claude/skills/minus
  runtime: null
  scope: project
  owners:
  - 9sako6/-/skills/minus
  active_owner: 9sako6/-/skills/minus
  content_hash: null
- kind: project-relative
  target: claude
  value: .claude/skills/minus/SKILL.md
  runtime: null
  scope: project
  owners:
  - 9sako6/-/skills/minus
  active_owner: 9sako6/-/skills/minus
  content_hash: sha256:20956b26feb8e68c6e6873810f62c08e56e69a762f4447c1943dd8ab2d006e81
- kind: project-relative
  target: claude
  value: .claude/skills/model-it
  runtime: null
  scope: project
  owners:
  - ./.apm/skills/model-it
  - .
  active_owner: ./.apm/skills/model-it
  content_hash: null
- kind: project-relative
  target: claude
  value: .claude/skills/model-it/SKILL.md
  runtime: null
  scope: project
  owners:
  - ./.apm/skills/model-it
  - .
  active_owner: ./.apm/skills/model-it
  content_hash: sha256:af557817b18fcfa86f55e0a0c1ec892aa22e0c48e9c9ef926cc9001657de66de
- kind: project-relative
  target: claude
  value: .claude/skills/resolve-it
  runtime: null
  scope: project
  owners:
  - ./.apm/skills/resolve-it
  - .
  active_owner: ./.apm/skills/resolve-it
  content_hash: null
- kind: project-relative
  target: claude
  value: .claude/skills/resolve-it/SKILL.md
  runtime: null
  scope: project
  owners:
  - ./.apm/skills/resolve-it
  - .
  active_owner: ./.apm/skills/resolve-it
  content_hash: sha256:d29def3739738c2c82f032bf842371885992846b61b275bd354beaa897f0c5b8
- kind: project-relative
  target: codex
  value: .agents/skills/anki
  runtime: null
  scope: project
  owners:
  - ./.apm/skills/anki
  - .
  active_owner: ./.apm/skills/anki
  content_hash: null
- kind: project-relative
  target: codex
  value: .agents/skills/anki/SKILL.md
  runtime: null
  scope: project
  owners:
  - ./.apm/skills/anki
  - .
  active_owner: ./.apm/skills/anki
  content_hash: sha256:426d709f3c9505f6823d58a1dd137cf2455217f3b4762a37fba9566164b516ab
- kind: project-relative
  target: codex
  value: .agents/skills/anki/references/card-design.md
  runtime: null
  scope: project
  owners:
  - ./.apm/skills/anki
  - .
  active_owner: ./.apm/skills/anki
  content_hash: sha256:cfbe51602f2a62d931faa2d7a2018e1629f512c34532717940443ca18577ccb9
- kind: project-relative
  target: codex
  value: .agents/skills/anki/tools/anki-connect-boundary.test.ts
  runtime: null
  scope: project
  owners:
  - ./.apm/skills/anki
  - .
  active_owner: ./.apm/skills/anki
  content_hash: sha256:0a4a00bec3b8ba4f9a5f94ddf96523a727abfb895f68dd77b83e36bdbddc0cb2
- kind: project-relative
  target: codex
  value: .agents/skills/anki/tools/anki-connect.test.ts
  runtime: null
  scope: project
  owners:
  - ./.apm/skills/anki
  - .
  active_owner: ./.apm/skills/anki
  content_hash: sha256:8ba8d3d9156ea7c04489087b2c9943149285de2f0d2fb3d51c8ea9611ca31884
- kind: project-relative
  target: codex
  value: .agents/skills/anki/tools/anki-connect.ts
  runtime: null
  scope: project
  owners:
  - ./.apm/skills/anki
  - .
  active_owner: ./.apm/skills/anki
  content_hash: sha256:1df52d590648000d72ac3f7596bb5b2d882653f5f126cadcd583b5f48c9da4bf
- kind: project-relative
  target: codex
  value: .agents/skills/anki/tools/goal.test.ts
  runtime: null
  scope: project
  owners:
  - ./.apm/skills/anki
  - .
  active_owner: ./.apm/skills/anki
  content_hash: sha256:1421e208c572e920557fe20f39b6faf15ca41939a19431d634ede800cc22f0ca
- kind: project-relative
  target: codex
  value: .agents/skills/anki/tools/goal.ts
  runtime: null
  scope: project
  owners:
  - ./.apm/skills/anki
  - .
  active_owner: ./.apm/skills/anki
  content_hash: sha256:d261964c5302c1160d916e8968434224a5f601c2cdad029b4480b757aa668bd4
- kind: project-relative
  target: codex
  value: .agents/skills/design-it
  runtime: null
  scope: project
  owners:
  - ./.apm/skills/design-it
  - .
  active_owner: ./.apm/skills/design-it
  content_hash: null
- kind: project-relative
  target: codex
  value: .agents/skills/design-it/SKILL.md
  runtime: null
  scope: project
  owners:
  - ./.apm/skills/design-it
  - .
  active_owner: ./.apm/skills/design-it
  content_hash: sha256:6cc6cdc04ae827a0d13a6ee5acb8a755336fa3af3fbbd3df15f5bd44bd9dabcc
- kind: project-relative
  target: codex
  value: .agents/skills/grill-me
  runtime: null
  scope: project
  owners:
  - mattpocock/skills/skills/productivity/grill-me
  active_owner: mattpocock/skills/skills/productivity/grill-me
  content_hash: null
- kind: project-relative
  target: codex
  value: .agents/skills/grill-me/SKILL.md
  runtime: null
  scope: project
  owners:
  - mattpocock/skills/skills/productivity/grill-me
  active_owner: mattpocock/skills/skills/productivity/grill-me
  content_hash: sha256:74147eb6010a65957efef2b9e0f0b3ff935c1def7fc117697151b1d0f3610556
- kind: project-relative
  target: codex
  value: .agents/skills/jp
  runtime: null
  scope: project
  owners:
  - ./.apm/skills/jp
  - .
  active_owner: ./.apm/skills/jp
  content_hash: null
- kind: project-relative
  target: codex
  value: .agents/skills/jp/SKILL.md
  runtime: null
  scope: project
  owners:
  - ./.apm/skills/jp
  - .
  active_owner: ./.apm/skills/jp
  content_hash: sha256:8b215166d4427cbe67793397d9e8ef99b33474ffd80ca40e4e48a78e1fe7fa80
- kind: project-relative
  target: codex
  value: .agents/skills/jp/references/writing-rules.md
  runtime: null
  scope: project
  owners:
  - ./.apm/skills/jp
  - .
  active_owner: ./.apm/skills/jp
  content_hash: sha256:7fded38b12883e6778ab57db6526b83d3f692d8e8c7d6acc36ae45f1edc8b901
- kind: project-relative
  target: codex
  value: .agents/skills/minus
  runtime: null
  scope: project
  owners:
  - 9sako6/-/skills/minus
  active_owner: 9sako6/-/skills/minus
  content_hash: null
- kind: project-relative
  target: codex
  value: .agents/skills/minus/SKILL.md
  runtime: null
  scope: project
  owners:
  - 9sako6/-/skills/minus
  active_owner: 9sako6/-/skills/minus
  content_hash: sha256:20956b26feb8e68c6e6873810f62c08e56e69a762f4447c1943dd8ab2d006e81
- kind: project-relative
  target: codex
  value: .agents/skills/model-it
  runtime: null
  scope: project
  owners:
  - ./.apm/skills/model-it
  - .
  active_owner: ./.apm/skills/model-it
  content_hash: null
- kind: project-relative
  target: codex
  value: .agents/skills/model-it/SKILL.md
  runtime: null
  scope: project
  owners:
  - ./.apm/skills/model-it
  - .
  active_owner: ./.apm/skills/model-it
  content_hash: sha256:af557817b18fcfa86f55e0a0c1ec892aa22e0c48e9c9ef926cc9001657de66de
- kind: project-relative
  target: codex
  value: .agents/skills/resolve-it
  runtime: null
  scope: project
  owners:
  - ./.apm/skills/resolve-it
  - .
  active_owner: ./.apm/skills/resolve-it
  content_hash: null
- kind: project-relative
  target: codex
  value: .agents/skills/resolve-it/SKILL.md
  runtime: null
  scope: project
  owners:
  - ./.apm/skills/resolve-it
  - .
  active_owner: ./.apm/skills/resolve-it
  content_hash: sha256:d29def3739738c2c82f032bf842371885992846b61b275bd354beaa897f0c5b8
local_deployed_files:
- .agents/skills/anki
- .agents/skills/anki/SKILL.md
- .agents/skills/anki/references/card-design.md
- .agents/skills/anki/tools/anki-connect-boundary.test.ts
- .agents/skills/anki/tools/anki-connect.test.ts
- .agents/skills/anki/tools/anki-connect.ts
- .agents/skills/anki/tools/goal.test.ts
- .agents/skills/anki/tools/goal.ts
- .agents/skills/design-it
- .agents/skills/design-it/SKILL.md
- .agents/skills/jp
- .agents/skills/jp/SKILL.md
- .agents/skills/jp/references/fallback.md
- .agents/skills/jp/references/writing-rules.md
- .agents/skills/model-it
- .agents/skills/model-it/SKILL.md
- .agents/skills/rails-mysql-explain
- .agents/skills/rails-mysql-explain/SKILL.md
- .agents/skills/rails-mysql-explain/references/explain-guide.md
- .agents/skills/resolve-it
- .agents/skills/resolve-it/SKILL.md
- .claude/rules/global.md
- .claude/skills/anki
- .claude/skills/anki/SKILL.md
- .claude/skills/anki/references/card-design.md
- .claude/skills/anki/tools/anki-connect-boundary.test.ts
- .claude/skills/anki/tools/anki-connect.test.ts
- .claude/skills/anki/tools/anki-connect.ts
- .claude/skills/anki/tools/goal.test.ts
- .claude/skills/anki/tools/goal.ts
- .claude/skills/design-it
- .claude/skills/design-it/SKILL.md
- .claude/skills/jp
- .claude/skills/jp/SKILL.md
- .claude/skills/jp/references/writing-rules.md
- .claude/skills/model-it
- .claude/skills/model-it/SKILL.md
- .claude/skills/resolve-it
- .claude/skills/resolve-it/SKILL.md
local_deployed_file_hashes:
  .agents/skills/anki/SKILL.md: sha256:426d709f3c9505f6823d58a1dd137cf2455217f3b4762a37fba9566164b516ab
  .agents/skills/anki/references/card-design.md: sha256:cfbe51602f2a62d931faa2d7a2018e1629f512c34532717940443ca18577ccb9
  .agents/skills/anki/tools/anki-connect-boundary.test.ts: sha256:0a4a00bec3b8ba4f9a5f94ddf96523a727abfb895f68dd77b83e36bdbddc0cb2
  .agents/skills/anki/tools/anki-connect.test.ts: sha256:8ba8d3d9156ea7c04489087b2c9943149285de2f0d2fb3d51c8ea9611ca31884
  .agents/skills/anki/tools/anki-connect.ts: sha256:1df52d590648000d72ac3f7596bb5b2d882653f5f126cadcd583b5f48c9da4bf
  .agents/skills/anki/tools/goal.test.ts: sha256:1421e208c572e920557fe20f39b6faf15ca41939a19431d634ede800cc22f0ca
  .agents/skills/anki/tools/goal.ts: sha256:d261964c5302c1160d916e8968434224a5f601c2cdad029b4480b757aa668bd4
  .agents/skills/design-it/SKILL.md: sha256:6cc6cdc04ae827a0d13a6ee5acb8a755336fa3af3fbbd3df15f5bd44bd9dabcc
  .agents/skills/jp/SKILL.md: sha256:8b215166d4427cbe67793397d9e8ef99b33474ffd80ca40e4e48a78e1fe7fa80
  .agents/skills/jp/references/fallback.md: sha256:ac4b38c040d1c47d87e1de9cd76283e254296b1828d56ea009450b154c94d2a6
  .agents/skills/jp/references/writing-rules.md: sha256:7fded38b12883e6778ab57db6526b83d3f692d8e8c7d6acc36ae45f1edc8b901
  .agents/skills/model-it/SKILL.md: sha256:af557817b18fcfa86f55e0a0c1ec892aa22e0c48e9c9ef926cc9001657de66de
  .agents/skills/rails-mysql-explain/SKILL.md: sha256:eebef44060a0a5e62a31152189f66652bbb0c37bea213e2e6c2fcb7bcf0694af
  .agents/skills/rails-mysql-explain/references/explain-guide.md: sha256:b22c01f2259eb9bec46538452301bd0a1fff59035be1557226691d84f6812ff2
  .agents/skills/resolve-it/SKILL.md: sha256:d29def3739738c2c82f032bf842371885992846b61b275bd354beaa897f0c5b8
  .claude/rules/global.md: sha256:1bde14b566a65a79d32da058eed5692ab79eda071e0fe307faa4a5fb0a69c141
  .claude/skills/anki/SKILL.md: sha256:426d709f3c9505f6823d58a1dd137cf2455217f3b4762a37fba9566164b516ab
  .claude/skills/anki/references/card-design.md: sha256:cfbe51602f2a62d931faa2d7a2018e1629f512c34532717940443ca18577ccb9
  .claude/skills/anki/tools/anki-connect-boundary.test.ts: sha256:0a4a00bec3b8ba4f9a5f94ddf96523a727abfb895f68dd77b83e36bdbddc0cb2
  .claude/skills/anki/tools/anki-connect.test.ts: sha256:8ba8d3d9156ea7c04489087b2c9943149285de2f0d2fb3d51c8ea9611ca31884
  .claude/skills/anki/tools/anki-connect.ts: sha256:1df52d590648000d72ac3f7596bb5b2d882653f5f126cadcd583b5f48c9da4bf
  .claude/skills/anki/tools/goal.test.ts: sha256:1421e208c572e920557fe20f39b6faf15ca41939a19431d634ede800cc22f0ca
  .claude/skills/anki/tools/goal.ts: sha256:d261964c5302c1160d916e8968434224a5f601c2cdad029b4480b757aa668bd4
  .claude/skills/design-it/SKILL.md: sha256:6cc6cdc04ae827a0d13a6ee5acb8a755336fa3af3fbbd3df15f5bd44bd9dabcc
  .claude/skills/jp/SKILL.md: sha256:8b215166d4427cbe67793397d9e8ef99b33474ffd80ca40e4e48a78e1fe7fa80
  .claude/skills/jp/references/writing-rules.md: sha256:7fded38b12883e6778ab57db6526b83d3f692d8e8c7d6acc36ae45f1edc8b901
  .claude/skills/model-it/SKILL.md: sha256:af557817b18fcfa86f55e0a0c1ec892aa22e0c48e9c9ef926cc9001657de66de
  .claude/skills/resolve-it/SKILL.md: sha256:d29def3739738c2c82f032bf842371885992846b61b275bd354beaa897f0c5b8
