# @generated - this file is auto-generated by `mise lock` https://mise.jdx.dev/dev-tools/mise-lock.html

[conda-packages.macos-arm64."aom-3.14.1-pl5321hf79ea98_2"]
url = "https://conda.anaconda.org/conda-forge/osx-arm64/aom-3.14.1-pl5321hf79ea98_2.conda"
checksum = "sha256:292b3cfab77d5db222b53add0ec3b5e7e5c04ce2cb8cf8a7237cbe0643b3e6c1"

[conda-packages.macos-arm64."bzip2-1.0.8-h4e30115_10"]
url = "https://conda.anaconda.org/conda-forge/osx-arm64/bzip2-1.0.8-h4e30115_10.conda"
checksum = "sha256:8ec22f0ba25cbfc2e64d70cf29459eccd7ffdf6436f6a6ff15bbfef799f7d4f6"

[conda-packages.macos-arm64."c-ares-1.34.8-h74c22ad_2"]
url = "https://conda.anaconda.org/conda-forge/osx-arm64/c-ares-1.34.8-h74c22ad_2.conda"
checksum = "sha256:82bdd5a3fcada6afef6255a9bf41172f07b362f36e04a354dc2abc0a29bfb756"

[conda-packages.macos-arm64."ca-certificates-2026.7.22-hbd8a1cb_0"]
url = "https://conda.anaconda.org/conda-forge/noarch/ca-certificates-2026.7.22-hbd8a1cb_0.conda"
checksum = "sha256:0a0544cf95f64394fe4959286f5c71f5444ad58feb0602e53becb27448d24da6"

[conda-packages.macos-arm64."cairo-1.18.6-h580cee5_0"]
url = "https://conda.anaconda.org/conda-forge/osx-arm64/cairo-1.18.6-h580cee5_0.conda"
checksum = "sha256:32ad9b731d0b4c6dd82061201206164b07bd695bc695e5eb3addc0087ed54cca"

[conda-packages.macos-arm64."dbus-1.16.2-hf049998_2"]
url = "https://conda.anaconda.org/conda-forge/osx-arm64/dbus-1.16.2-hf049998_2.conda"
checksum = "sha256:60e265d5ac83198f1d13a43ab5cd2de097b10b460a5ad0764ed62af875b4ecdc"

[conda-packages.macos-arm64."font-ttf-dejavu-sans-mono-2.37-hab24e00_0"]
url = "https://conda.anaconda.org/conda-forge/noarch/font-ttf-dejavu-sans-mono-2.37-hab24e00_0.tar.bz2"
checksum = "sha256:58d7f40d2940dd0a8aa28651239adbf5613254df0f75789919c4e6762054403b"

[conda-packages.macos-arm64."font-ttf-inconsolata-3.000-h77eed37_0"]
url = "https://conda.anaconda.org/conda-forge/noarch/font-ttf-inconsolata-3.000-h77eed37_0.tar.bz2"
checksum = "sha256:c52a29fdac682c20d252facc50f01e7c2e7ceac52aa9817aaf0bb83f7559ec5c"

[conda-packages.macos-arm64."font-ttf-source-code-pro-2.038-h77eed37_0"]
url = "https://conda.anaconda.org/conda-forge/noarch/font-ttf-source-code-pro-2.038-h77eed37_0.tar.bz2"
checksum = "sha256:00925c8c055a2275614b4d983e1df637245e19058d79fc7dd1a93b8d9fb4b139"

[conda-packages.macos-arm64."font-ttf-ubuntu-0.83-h77eed37_3"]
url = "https://conda.anaconda.org/conda-forge/noarch/font-ttf-ubuntu-0.83-h77eed37_3.conda"
checksum = "sha256:2821ec1dc454bd8b9a31d0ed22a7ce22422c0aef163c59f49dfdf915d0f0ca14"

[conda-packages.macos-arm64."fontconfig-2.18.3-h81aa574_1"]
url = "https://conda.anaconda.org/conda-forge/osx-arm64/fontconfig-2.18.3-h81aa574_1.conda"
checksum = "sha256:004570d35fb0eff73ce3ae49b209a47622d0c2e580dd0dc4c61d59626b386a09"

[conda-packages.macos-arm64.fonts-conda-ecosystem-1-0]
url = "https://conda.anaconda.org/conda-forge/noarch/fonts-conda-ecosystem-1-0.tar.bz2"
checksum = "sha256:a997f2f1921bb9c9d76e6fa2f6b408b7fa549edd349a77639c9fe7a23ea93e61"

[conda-packages.macos-arm64.fonts-conda-forge-1-hc364b38_1]
url = "https://conda.anaconda.org/conda-forge/noarch/fonts-conda-forge-1-hc364b38_1.conda"
checksum = "sha256:54eea8469786bc2291cc40bca5f46438d3e062a399e8f53f013b6a9f50e98333"

[conda-packages.macos-arm64."fribidi-1.0.17-hb001647_0"]
url = "https://conda.anaconda.org/conda-forge/osx-arm64/fribidi-1.0.17-hb001647_0.conda"
checksum = "sha256:803e78ec4a832a646dae842f09de0bc04acd2613deafa9b11d1970399d24d163"

[conda-packages.macos-arm64."gdk-pixbuf-2.44.8-h5867e2c_2"]
url = "https://conda.anaconda.org/conda-forge/osx-arm64/gdk-pixbuf-2.44.8-h5867e2c_2.conda"
checksum = "sha256:96dcac22eaea2f24b9c92e8be078c3e39058829aa4db2a8103c1a4e85f8925ed"

[conda-packages.macos-arm64."glslang-16.6.0-h1a33c25_0"]
url = "https://conda.anaconda.org/conda-forge/osx-arm64/glslang-16.6.0-h1a33c25_0.conda"
checksum = "sha256:4d485440f96b81337b8f810488e695a0fda0aea540025d02c021ccce51837720"

[conda-packages.macos-arm64."gmp-6.3.0-hf5e55b1_3"]
url = "https://conda.anaconda.org/conda-forge/osx-arm64/gmp-6.3.0-hf5e55b1_3.conda"
checksum = "sha256:980cb1bbc3656d6f923d44297a2c4ab75f20482b8930c70537fd7f1ef2378894"

[conda-packages.macos-arm64."graphite2-1.3.15-h784d473_1"]
url = "https://conda.anaconda.org/conda-forge/osx-arm64/graphite2-1.3.15-h784d473_1.conda"
checksum = "sha256:471f34a187fdb4f2df33e26f2e471b16c239a5b277903f643d9c3a8c9a9f44ec"

[conda-packages.macos-arm64."icu-78.3-py310h579977c_2"]
url = "https://conda.anaconda.org/conda-forge/osx-arm64/icu-78.3-py310h579977c_2.conda"
checksum = "sha256:6cdb5dee54c72e56ab189fb3ad33cb28533553d42590e7e831160248f4416a43"

[conda-packages.macos-arm64."krb5-1.22.2-h34f8a20_2"]
url = "https://conda.anaconda.org/conda-forge/osx-arm64/krb5-1.22.2-h34f8a20_2.conda"
checksum = "sha256:aaea1d42b07769920db2af7471ece9399d2613448863da64ad8272998db5db34"

[conda-packages.macos-arm64."lame-4.0-hef9b5c2_1"]
url = "https://conda.anaconda.org/conda-forge/osx-arm64/lame-4.0-hef9b5c2_1.conda"
checksum = "sha256:98b9195b315777c9cf1d785b5d43f223bafadbb2c5467116d688bd96305fa353"

[conda-packages.macos-arm64."lcms2-2.19.1-hce41798_3"]
url = "https://conda.anaconda.org/conda-forge/osx-arm64/lcms2-2.19.1-hce41798_3.conda"
checksum = "sha256:5f9b511f918e13dfddb8495c1764aec894b66c5a88359737aa302b8899ae25fa"

[conda-packages.macos-arm64."lerc-4.2.0-h1eee2c3_0"]
url = "https://conda.anaconda.org/conda-forge/osx-arm64/lerc-4.2.0-h1eee2c3_0.conda"
checksum = "sha256:c97aa17d16d2ac332ba9f184e82ce8f72dcb10e9a10c5f299030be2d44e191b9"

[conda-packages.macos-arm64."libabseil-20260526.0-cxx17_h4c27e2a_2"]
url = "https://conda.anaconda.org/conda-forge/osx-arm64/libabseil-20260526.0-cxx17_h4c27e2a_2.conda"
checksum = "sha256:d9c62dae9d8f5bebadf72fcf369c00cc353183cb2521f9fffbf4c2f70b58bef9"

[conda-packages.macos-arm64."libass-0.17.5-h0a551c8_1"]
url = "https://conda.anaconda.org/conda-forge/osx-arm64/libass-0.17.5-h0a551c8_1.conda"
checksum = "sha256:2ef900bd889e111a40d2c57e3611be9e89b3e6195c01f45c7f9c3e0a72ea9d50"

[conda-packages.macos-arm64."libbrotlicommon-1.2.0-h1dcdb26_4"]
url = "https://conda.anaconda.org/conda-forge/osx-arm64/libbrotlicommon-1.2.0-h1dcdb26_4.conda"
checksum = "sha256:8a6e4789a6049dabb41c6fcaf6719232245484d81dfeb199b5abdb95c84c9fc2"

[conda-packages.macos-arm64."libbrotlidec-1.2.0-h5295a6a_4"]
url = "https://conda.anaconda.org/conda-forge/osx-arm64/libbrotlidec-1.2.0-h5295a6a_4.conda"
checksum = "sha256:4e1f5989561de4546209b42c935795a41fa4265e0b670861480f1adffec623a8"

[conda-packages.macos-arm64."libbrotlienc-1.2.0-h2ddc9cb_4"]
url = "https://conda.anaconda.org/conda-forge/osx-arm64/libbrotlienc-1.2.0-h2ddc9cb_4.conda"
checksum = "sha256:4d2da97825b221054a39f492e4dffe361e1931c8381d0367f1e0598a50d02f34"

[conda-packages.macos-arm64."libcurl-8.22.0-h6651222_0"]
url = "https://conda.anaconda.org/conda-forge/osx-arm64/libcurl-8.22.0-h6651222_0.conda"
checksum = "sha256:46def32ec20d4dc6bce75d90fe5f2465a71cc22acef608c5ba37cc392e80e01d"

[conda-packages.macos-arm64."libcxx-23.1.2-h55c6f16_0"]
url = "https://conda.anaconda.org/conda-forge/osx-arm64/libcxx-23.1.2-h55c6f16_0.conda"
checksum = "sha256:087a610bacee7901d259ef72c6f060d795ab26831bd7541ba75ced786a5a63f9"

[conda-packages.macos-arm64."libdav1d7-1.5.4-h74c22ad_4"]
url = "https://conda.anaconda.org/conda-forge/osx-arm64/libdav1d7-1.5.4-h74c22ad_4.conda"
checksum = "sha256:aaa2ef49ed328fba9520cbf2fdadf46fa7487ce38f7bf969625530eff58161ed"

[conda-packages.macos-arm64."libdeflate-1.25-he7e0567_1"]
url = "https://conda.anaconda.org/conda-forge/osx-arm64/libdeflate-1.25-he7e0567_1.conda"
checksum = "sha256:d896f4aa4ce4c590c2838678cb1917356fdb461d2a189991c0280c818c362172"

[conda-packages.macos-arm64."libdovi-3.4.0-hc336dc4_1"]
url = "https://conda.anaconda.org/conda-forge/osx-arm64/libdovi-3.4.0-hc336dc4_1.conda"
checksum = "sha256:6439dd036af971cc5665b27ed4e8266edd8b948d1839b5d28c776f41b05b1707"

[conda-packages.macos-arm64."libedit-3.1.20250104-pl5321h26f1114_1"]
url = "https://conda.anaconda.org/conda-forge/osx-arm64/libedit-3.1.20250104-pl5321h26f1114_1.conda"
checksum = "sha256:257c926f19e32bdb981fc674c76966049b6fc73f706bae58e9fed8757ad1da70"

[conda-packages.macos-arm64."libev-4.33-h1a92334_3"]
url = "https://conda.anaconda.org/conda-forge/osx-arm64/libev-4.33-h1a92334_3.conda"
checksum = "sha256:c0100064506ae8abb432c5a506d474f10af2cf48c33d62bc221fb28b6d6ff6ac"

[conda-packages.macos-arm64."libexpat-2.8.5-h6111c0a_0"]
url = "https://conda.anaconda.org/conda-forge/osx-arm64/libexpat-2.8.5-h6111c0a_0.conda"
checksum = "sha256:50aa761b83fc7a116ca88fe0cb4cefce5abababb10a926bf8afbafd5c298d102"

[conda-packages.macos-arm64."libffi-3.7.0-h47dc5ef_1"]
url = "https://conda.anaconda.org/conda-forge/osx-arm64/libffi-3.7.0-h47dc5ef_1.conda"
checksum = "sha256:2783389a7b9dda04c62cc54c6bbeb03dd3cef24b3fc642715d02a3fa19464a9a"

[conda-packages.macos-arm64."libfreetype-2.14.3-hce30654_2"]
url = "https://conda.anaconda.org/conda-forge/osx-arm64/libfreetype-2.14.3-hce30654_2.conda"
checksum = "sha256:19ce8bd320414cb6b9889ecbf48a3ded848b0d1068b76ff6bea099bd7387d6f3"

[conda-packages.macos-arm64."libfreetype6-2.14.3-h2ed5691_2"]
url = "https://conda.anaconda.org/conda-forge/osx-arm64/libfreetype6-2.14.3-h2ed5691_2.conda"
checksum = "sha256:d9b203d6484ad491b5b5f33d49a9d7a91189d776a9adae53d2b63af18ec11e6a"

[conda-packages.macos-arm64."libglib-2.90.0-hccd281b_0"]
url = "https://conda.anaconda.org/conda-forge/osx-arm64/libglib-2.90.0-hccd281b_0.conda"
checksum = "sha256:4ec64c476881b31f211842952f192208a3af0925a596da227f4d97fb9a63e0ac"

[conda-packages.macos-arm64."libharfbuzz-14.5.1-hcda0f7c_0"]
url = "https://conda.anaconda.org/conda-forge/osx-arm64/libharfbuzz-14.5.1-hcda0f7c_0.conda"
checksum = "sha256:a84540418ae803bd30ab51ee5d382d002e60d8681c66af892c3589d964a68d91"

[conda-packages.macos-arm64."libhwloc-2.15.0-default_h98d0dc1_1001"]
url = "https://conda.anaconda.org/conda-forge/osx-arm64/libhwloc-2.15.0-default_h98d0dc1_1001.conda"
checksum = "sha256:71df89f0fe359b3110de311afcd68f5717e618fc22318dd3dd18187c83203503"

[conda-packages.macos-arm64."libhwy-1.4.0-hd2bdd19_1"]
url = "https://conda.anaconda.org/conda-forge/osx-arm64/libhwy-1.4.0-hd2bdd19_1.conda"
checksum = "sha256:d965f815878a176fb75329d02718f449230e687e100a081762688f763990abf2"

[conda-packages.macos-arm64."libiconv-1.18-he4c29f2_3"]
url = "https://conda.anaconda.org/conda-forge/osx-arm64/libiconv-1.18-he4c29f2_3.conda"
checksum = "sha256:689a14968267f2f97c07112fca5636e7d756036b9aee969911267c20bd3eea1f"

[conda-packages.macos-arm64."libintl-0.25.1-hae62183_2"]
url = "https://conda.anaconda.org/conda-forge/osx-arm64/libintl-0.25.1-hae62183_2.conda"
checksum = "sha256:b43c6645e668f86d04d5c06d6dc17efe921bbd9244be4b77946d56fb950a3fcc"

[conda-packages.macos-arm64."libjpeg-turbo-3.2.0-h84a0fba_1"]
url = "https://conda.anaconda.org/conda-forge/osx-arm64/libjpeg-turbo-3.2.0-h84a0fba_1.conda"
checksum = "sha256:05006418f9392c9b723e8428808db106de0350a497832f95f921b85ff1072310"

[conda-packages.macos-arm64."libjxl-0.12.0-hb71b141_2"]
url = "https://conda.anaconda.org/conda-forge/osx-arm64/libjxl-0.12.0-hb71b141_2.conda"
checksum = "sha256:1f02661543be1722b619548b5207d6eaceab5bf95983fd6c9487f52bd8246a7a"

[conda-packages.macos-arm64."liblzma-5.8.3-h8088a28_1"]
url = "https://conda.anaconda.org/conda-forge/osx-arm64/liblzma-5.8.3-h8088a28_1.conda"
checksum = "sha256:23d0630046a3e8b164d8f80f2b74ed2605af2e7050ab9913018056402fae4311"

[conda-packages.macos-arm64."libnghttp2-1.68.1-h435687b_1"]
url = "https://conda.anaconda.org/conda-forge/osx-arm64/libnghttp2-1.68.1-h435687b_1.conda"
checksum = "sha256:445440d8cccccb6585f71d1eb7c949d64a2af2ced5481d924621424ff3b6a398"

[conda-packages.macos-arm64."libogg-1.3.5-h48c0fde_1"]
url = "https://conda.anaconda.org/conda-forge/osx-arm64/libogg-1.3.5-h48c0fde_1.conda"
checksum = "sha256:28bd1fe20fe43da105da41b95ac201e95a1616126f287985df8e86ddebd1c3d8"

[conda-packages.macos-arm64."libopenvino-2026.4.0-h3654348_0"]
url = "https://conda.anaconda.org/conda-forge/osx-arm64/libopenvino-2026.4.0-h3654348_0.conda"
checksum = "sha256:b15b2e75c0b9e3dbb48bee12eddcb052433c8e91954be8dffc86e0e966012122"

[conda-packages.macos-arm64."libopenvino-arm-cpu-plugin-2026.4.0-h3654348_0"]
url = "https://conda.anaconda.org/conda-forge/osx-arm64/libopenvino-arm-cpu-plugin-2026.4.0-h3654348_0.conda"
checksum = "sha256:21bb3e3b905ec8281a1514dacc639cc799539c77ba5b86d77821e66d55368e7a"

[conda-packages.macos-arm64."libopenvino-auto-batch-plugin-2026.4.0-hb2ea1c4_0"]
url = "https://conda.anaconda.org/conda-forge/osx-arm64/libopenvino-auto-batch-plugin-2026.4.0-hb2ea1c4_0.conda"
checksum = "sha256:a4d6998d8fa00907aa20ddd0c5800795e2386561ff302c0ed1682e13131e3cdd"

[conda-packages.macos-arm64."libopenvino-auto-plugin-2026.4.0-hb2ea1c4_0"]
url = "https://conda.anaconda.org/conda-forge/osx-arm64/libopenvino-auto-plugin-2026.4.0-hb2ea1c4_0.conda"
checksum = "sha256:64c694ffbdf40d5f3c0e82489dcbaa56133459fa5ab688350fcd769f5b8ac083"

[conda-packages.macos-arm64."libopenvino-gguf-frontend-2026.4.0-hb2ea1c4_0"]
url = "https://conda.anaconda.org/conda-forge/osx-arm64/libopenvino-gguf-frontend-2026.4.0-hb2ea1c4_0.conda"
checksum = "sha256:9613441db474d7ff2c659d484c0d9161be8c96639e640255e6a6df1b34ee9b0a"

[conda-packages.macos-arm64."libopenvino-hetero-plugin-2026.4.0-he33a331_0"]
url = "https://conda.anaconda.org/conda-forge/osx-arm64/libopenvino-hetero-plugin-2026.4.0-he33a331_0.conda"
checksum = "sha256:ad3fc84ac155bf9bd6faec9438d78b4784c58be44d0ccae6ea98c236bb4812d9"

[conda-packages.macos-arm64."libopenvino-ir-frontend-2026.4.0-he33a331_0"]
url = "https://conda.anaconda.org/conda-forge/osx-arm64/libopenvino-ir-frontend-2026.4.0-he33a331_0.conda"
checksum = "sha256:6d7d2473b61642e66a91e24ebf42bc17449ebb1dc5081166d63fc96b02cc63a2"

[conda-packages.macos-arm64."libopenvino-onnx-frontend-2026.4.0-hfd01559_0"]
url = "https://conda.anaconda.org/conda-forge/osx-arm64/libopenvino-onnx-frontend-2026.4.0-hfd01559_0.conda"
checksum = "sha256:609206ae15d922345fc152fffef97d11229ca181fb2c1cd6974f8075cdf0653d"

[conda-packages.macos-arm64."libopenvino-paddle-frontend-2026.4.0-hfd01559_0"]
url = "https://conda.anaconda.org/conda-forge/osx-arm64/libopenvino-paddle-frontend-2026.4.0-hfd01559_0.conda"
checksum = "sha256:3195355bf736d06be4a476264e14bf7e56788444cce7a7772e208bf08295aa36"

[conda-packages.macos-arm64."libopenvino-pytorch-frontend-2026.4.0-h2ffa9d5_0"]
url = "https://conda.anaconda.org/conda-forge/osx-arm64/libopenvino-pytorch-frontend-2026.4.0-h2ffa9d5_0.conda"
checksum = "sha256:724bc1e32fb4a3d28218290075df2f80d8c249f129158be226e08e2ce06f37c4"

[conda-packages.macos-arm64."libopenvino-tensorflow-frontend-2026.4.0-h6bbf1e4_0"]
url = "https://conda.anaconda.org/conda-forge/osx-arm64/libopenvino-tensorflow-frontend-2026.4.0-h6bbf1e4_0.conda"
checksum = "sha256:5cacb0d9369e294c60cd31fdd33dd354e001431758e136fecead8b607fd73585"

[conda-packages.macos-arm64."libopenvino-tensorflow-lite-frontend-2026.4.0-h2ffa9d5_0"]
url = "https://conda.anaconda.org/conda-forge/osx-arm64/libopenvino-tensorflow-lite-frontend-2026.4.0-h2ffa9d5_0.conda"
checksum = "sha256:a5f4f0123cd23e499aae4e53e0ddbfa5ee2e60cb799eca1d567bb1da2b94aa8a"

[conda-packages.macos-arm64."libopus-1.6.1-h74c22ad_1"]
url = "https://conda.anaconda.org/conda-forge/osx-arm64/libopus-1.6.1-h74c22ad_1.conda"
checksum = "sha256:f5fd2e1b1fec6da5d9218177b7d989af15f5aa14a84a1b1491dc3572e2457f1f"

[conda-packages.macos-arm64."libplacebo-7.360.1-hca394fb_1"]
url = "https://conda.anaconda.org/conda-forge/osx-arm64/libplacebo-7.360.1-hca394fb_1.conda"
checksum = "sha256:7b50ecb8b110540b5b980ba94499fe760947e079bc119a7fac02dfb3df9cfb53"

[conda-packages.macos-arm64."libpng-1.6.59-hf5e6511_0"]
url = "https://conda.anaconda.org/conda-forge/osx-arm64/libpng-1.6.59-hf5e6511_0.conda"
checksum = "sha256:4de4dc4cb7432c328c1eaf4f7cc9c6b48c073eab1e9c6723d4533e6d57e7d595"

[conda-packages.macos-arm64."libprotobuf-7.35.1-h391e224_3"]
url = "https://conda.anaconda.org/conda-forge/osx-arm64/libprotobuf-7.35.1-h391e224_3.conda"
checksum = "sha256:4129c13739e30dfbab8c20594acd8c182de2008f4dfc94d54f52b556eb39050c"

[conda-packages.macos-arm64."libpsl-0.23.1-hdb0c161_1"]
url = "https://conda.anaconda.org/conda-forge/osx-arm64/libpsl-0.23.1-hdb0c161_1.conda"
checksum = "sha256:c8c3153df39abedf3413483f672151ad70f1adb0c06c192bdf7ec432c3616b07"

[conda-packages.macos-arm64."librsvg-2.62.4-hc8ac265_0"]
url = "https://conda.anaconda.org/conda-forge/osx-arm64/librsvg-2.62.4-hc8ac265_0.conda"
checksum = "sha256:3bd54de0136907782249a0d5797744ecac5bbd77026f5f2712dd62390c5c9f77"

[conda-packages.macos-arm64."libssh2-1.11.1-hbf2880b_1"]
url = "https://conda.anaconda.org/conda-forge/osx-arm64/libssh2-1.11.1-hbf2880b_1.conda"
checksum = "sha256:a056e518c3d2d09fbb1778cea80c0c95338fb24adf1a817bbf90fb484850a304"

[conda-packages.macos-arm64."libtiff-4.7.2-hf67920b_1"]
url = "https://conda.anaconda.org/conda-forge/osx-arm64/libtiff-4.7.2-hf67920b_1.conda"
checksum = "sha256:847d22a86ae28f66d3888702698254d25bb4eac3a0f64c1fabfb1842ac00be4c"

[conda-packages.macos-arm64."libusb-1.0.30-h74c22ad_0"]
url = "https://conda.anaconda.org/conda-forge/osx-arm64/libusb-1.0.30-h74c22ad_0.conda"
checksum = "sha256:2a876e51ee52959b1a4439a8386997d34d84d07eb2ea7b2266244b6f6e1f2303"

[conda-packages.macos-arm64."libvorbis-1.3.7-h81086ad_2"]
url = "https://conda.anaconda.org/conda-forge/osx-arm64/libvorbis-1.3.7-h81086ad_2.conda"
checksum = "sha256:95768e4eceaffb973081fd986d03da15d93aa10609ed202e6fd5ca1e490a3dce"

[conda-packages.macos-arm64."libvpx-1.17.0-h484c67d_0"]
url = "https://conda.anaconda.org/conda-forge/osx-arm64/libvpx-1.17.0-h484c67d_0.conda"
checksum = "sha256:2413c6959f78ed821aaa74f596ea3678ef54a63d89c8517f1146dfbdac3f798d"

[conda-packages.macos-arm64."libvulkan-loader-1.4.357.0-hfbe1efa_2"]
url = "https://conda.anaconda.org/conda-forge/osx-arm64/libvulkan-loader-1.4.357.0-hfbe1efa_2.conda"
checksum = "sha256:aaf22c7f0bbd2bac3a070a49e03c0c4baedf16ce22ad80ca697a7c15422c5de8"

[conda-packages.macos-arm64."libwebp-base-1.6.0-h202fb40_1"]
url = "https://conda.anaconda.org/conda-forge/osx-arm64/libwebp-base-1.6.0-h202fb40_1.conda"
checksum = "sha256:0ff54650d470c7e54cbeffdd53a8c063e055a7bcf784388c0385ce5c4741b0f4"

[conda-packages.macos-arm64."libxml2-16-2.15.4-heb56d2d_0"]
url = "https://conda.anaconda.org/conda-forge/osx-arm64/libxml2-16-2.15.4-heb56d2d_0.conda"
checksum = "sha256:8a26f7c94ab849c1930da36c298f4b82e892382b70ae865cd7274188d9d783e2"

[conda-packages.macos-arm64."libxml2-2.15.4-h550178d_0"]
url = "https://conda.anaconda.org/conda-forge/osx-arm64/libxml2-2.15.4-h550178d_0.conda"
checksum = "sha256:81217fcd4d4abdc69ee63cdb9cdb22e05a20b9ba7a76f596579914a838fe5960"

[conda-packages.macos-arm64."libzlib-1.3.2-h8088a28_3"]
url = "https://conda.anaconda.org/conda-forge/osx-arm64/libzlib-1.3.2-h8088a28_3.conda"
checksum = "sha256:a18fa5d5bac452401459f966cf0d872224e8080c4ff93c77e168d43ab42ef9d7"

[conda-packages.macos-arm64."mpg123-1.33.7-h0e3f465_1"]
url = "https://conda.anaconda.org/conda-forge/osx-arm64/mpg123-1.33.7-h0e3f465_1.conda"
checksum = "sha256:36cdae1076fc8d92b030af4e8d02e32629aaa31dbe32233040a04d495815b0bb"

[conda-packages.macos-arm64."ncurses-6.6-he64c551_1"]
url = "https://conda.anaconda.org/conda-forge/osx-arm64/ncurses-6.6-he64c551_1.conda"
checksum = "sha256:7024a48c8c0d0114ed4ab53c76bf9275d50e91ba7cea367a9aead638d3c29c68"

[conda-packages.macos-arm64."openh264-2.6.0-hf8510ef_2"]
url = "https://conda.anaconda.org/conda-forge/osx-arm64/openh264-2.6.0-hf8510ef_2.conda"
checksum = "sha256:abbf05ef3f338eb70623400c6ecf3318fe3a71fbf56b1099d7b3fddd13a0a0aa"

[conda-packages.macos-arm64."openssl-3.6.4-h55eecbc_0"]
url = "https://conda.anaconda.org/conda-forge/osx-arm64/openssl-3.6.4-h55eecbc_0.conda"
checksum = "sha256:f23239eacd75c4c50705e68fae1aa3292da473e6a3a4abe2330f1e6afa680704"

[conda-packages.macos-arm64."pango-1.58.2-hf9b25ef_1"]
url = "https://conda.anaconda.org/conda-forge/osx-arm64/pango-1.58.2-hf9b25ef_1.conda"
checksum = "sha256:9ba23103198cffa523488ff583b184ad37eb6d90985d330a683a1039dc917771"

[conda-packages.macos-arm64."pcre2-10.47-he63d830_1"]
url = "https://conda.anaconda.org/conda-forge/osx-arm64/pcre2-10.47-he63d830_1.conda"
checksum = "sha256:f8c415329b542e1fca1ff2917b80e687c18302dfa0353530668b90cb225b494f"

[conda-packages.macos-arm64."perl-5.44.0-1_hb001647_perl5"]
url = "https://conda.anaconda.org/conda-forge/osx-arm64/perl-5.44.0-1_hb001647_perl5.conda"
checksum = "sha256:d68a8d9a8f329e46920d7750b495f613e093fa40736d00a227b727f5898804bb"

[conda-packages.macos-arm64."pixman-0.46.4-h784d473_3"]
url = "https://conda.anaconda.org/conda-forge/osx-arm64/pixman-0.46.4-h784d473_3.conda"
checksum = "sha256:4779cd57231ce2e96fac643fcbdd4a6f51a57986264545445574e9c4acf526d3"

[conda-packages.macos-arm64."pugixml-1.15-hd3d436d_0"]
url = "https://conda.anaconda.org/conda-forge/osx-arm64/pugixml-1.15-hd3d436d_0.conda"
checksum = "sha256:5ad8d036040b095f85d23c70624d3e5e1e4c00bc5cea97831542f2dcae294ec9"

[conda-packages.macos-arm64."sdl2-2.32.56-h784d473_0"]
url = "https://conda.anaconda.org/conda-forge/osx-arm64/sdl2-2.32.56-h784d473_0.conda"
checksum = "sha256:595db3f62eec1b86aad03ad8c7e4943e78a18e112228c91adf3f3ada4e959a5c"

[conda-packages.macos-arm64."sdl3-3.4.16-h4bb5895_0"]
url = "https://conda.anaconda.org/conda-forge/osx-arm64/sdl3-3.4.16-h4bb5895_0.conda"
checksum = "sha256:e07ffcbfc7a5c35fa28144cca4d0a5668b17461f15f0ff261d7df11879858774"

[conda-packages.macos-arm64."shaderc-2026.3-hfd4ff19_1"]
url = "https://conda.anaconda.org/conda-forge/osx-arm64/shaderc-2026.3-hfd4ff19_1.conda"
checksum = "sha256:1fbea82ad781f388ed21306e967a864895f56cb3f1debb41017f05dc18f5477f"

[conda-packages.macos-arm64."snappy-1.2.2-h3951085_2"]
url = "https://conda.anaconda.org/conda-forge/osx-arm64/snappy-1.2.2-h3951085_2.conda"
checksum = "sha256:1f2c0290f7f88479a49df2e53ace3575c68fe41edc204875fb10423312fb7e47"

[conda-packages.macos-arm64."spirv-tools-2026.3-hc0b298b_1"]
url = "https://conda.anaconda.org/conda-forge/osx-arm64/spirv-tools-2026.3-hc0b298b_1.conda"
checksum = "sha256:962119a27ea90e229d8294dab4d21b221b630898a31cbc0c90cfb9f874e6c132"

[conda-packages.macos-arm64."svt-av1-4.2.0-h484c67d_1"]
url = "https://conda.anaconda.org/conda-forge/osx-arm64/svt-av1-4.2.0-h484c67d_1.conda"
checksum = "sha256:9122d11ed85053b1223ea0645aeac0ca583adc7482e60e3266c37e70d5242195"

[conda-packages.macos-arm64."tbb-2023.1.0-h81c76ee_2"]
url = "https://conda.anaconda.org/conda-forge/osx-arm64/tbb-2023.1.0-h81c76ee_2.conda"
checksum = "sha256:fad8ffbe4ec2333c501c0c6702b21aba86319539fe2714651d6ebf91cce6eac9"

[conda-packages.macos-arm64."x264-1!164.3095-hb001647_3"]
url = "https://conda.anaconda.org/conda-forge/osx-arm64/x264-1!164.3095-hb001647_3.conda"
checksum = "sha256:8a2c9866d7b37e07ab5ee8cdd622c694f232ef566273b67b0e9ea56f47a5d537"

[conda-packages.macos-arm64."x265-3.5-h55d2f36_4"]
url = "https://conda.anaconda.org/conda-forge/osx-arm64/x265-3.5-h55d2f36_4.conda"
checksum = "sha256:78850cd685004b1c5e41c2dd0a4fd1c9e3dd150279da8d99925832983ba82688"

[conda-packages.macos-arm64."zstd-1.5.7-hf451053_7"]
url = "https://conda.anaconda.org/conda-forge/osx-arm64/zstd-1.5.7-hf451053_7.conda"
checksum = "sha256:da867f5092eb0cb746d353694f0098031fd9817a4ce7d5743121209ae0f406ca"

[[tools.antigravity-cli]]
version = "1.2.2"
backend = "aqua:google-antigravity/antigravity-cli"

[tools.antigravity-cli."platforms.macos-arm64"]
checksum = "sha256:f90ff6094a196f1be3854ac45d999a542d47ec66a1513aa882a8505b947b9a0f"
url = "https://github.com/google-antigravity/antigravity-cli/releases/download/1.2.2/agy_cli_mac_arm64.tar.gz"
url_api = "https://api.github.com/repos/google-antigravity/antigravity-cli/releases/assets/558553056"

[[tools.atuin]]
version = "18.18.1"
backend = "aqua:atuinsh/atuin"

[tools.atuin."platforms.macos-arm64"]
checksum = "sha256:2c2bd7a4fb5a093cb222c5befb199bd09700f9b13b830c80a05dd5b2e7950457"
url = "https://github.com/atuinsh/atuin/releases/download/v18.18.1/atuin-aarch64-apple-darwin.tar.gz"
url_api = "https://api.github.com/repos/atuinsh/atuin/releases/assets/492109389"
provenance = "github-attestations"

[[tools.bitwarden]]
version = "2026.7.0"
backend = "aqua:bitwarden/clients"

[tools.bitwarden."platforms.macos-arm64"]
checksum = "sha256:61d5de8a279a9faf3637216f4fb02b506a1e4bb2817d1c64be0bd474466dd85a"
url = "https://github.com/bitwarden/clients/releases/download/cli-v2026.7.0/bw-macos-arm64-2026.7.0.zip"
url_api = "https://api.github.com/repos/bitwarden/clients/releases/assets/487644300"

[[tools.bitwarden-secrets-manager]]
version = "2.1.0"
backend = "aqua:bitwarden/sdk-sm"

[tools.bitwarden-secrets-manager."platforms.macos-arm64"]
checksum = "sha256:9cb1c1c6e6164d83b2e339883ba02b4cbb37188ce9a484b1ce8249443163e066"
url = "https://github.com/bitwarden/sdk-sm/releases/download/bws-v2.1.0/bws-aarch64-apple-darwin-2.1.0.zip"
url_api = "https://api.github.com/repos/bitwarden/sdk-sm/releases/assets/426507211"

[[tools.bun]]
version = "1.3.13"
backend = "core:bun"

[tools.bun."platforms.macos-arm64"]
checksum = "sha256:5467e3f65dba526b9fea98f0cce04efafc0c63e169733ec27b876a3ad32da190"
url = "https://github.com/oven-sh/bun/releases/download/bun-v1.3.13/bun-darwin-aarch64.zip"

[[tools.claude]]
version = "2.1.220"
backend = "aqua:anthropics/claude-code"

[tools.claude."platforms.macos-arm64"]
url = "https://storage.googleapis.com/claude-code-dist-86c565f3-f756-42ad-8dfa-d59b1c096819/claude-code-releases/2.1.220/darwin-arm64/claude"

[[tools."conda:ffmpeg"]]
version = "8.1.2"
backend = "conda:ffmpeg"

[tools."conda:ffmpeg".options]
channel = "conda-forge"

[tools."conda:ffmpeg"."platforms.macos-arm64"]
checksum = "sha256:b6f683d0cb78a9ce61b0f36f7d537cc26301a2137f1d0c4c3ea0e23d855d15d8"
url = "https://conda.anaconda.org/conda-forge/osx-arm64/ffmpeg-8.1.2-gpl_h35cfcbb_109.conda"
conda_deps = [
    "libvpx-1.17.0-h484c67d_0",
    "libopenvino-tensorflow-lite-frontend-2026.4.0-h2ffa9d5_0",
    "libopenvino-tensorflow-frontend-2026.4.0-h6bbf1e4_0",
    "libopenvino-pytorch-frontend-2026.4.0-h2ffa9d5_0",
    "libopenvino-paddle-frontend-2026.4.0-hfd01559_0",
    "libopenvino-onnx-frontend-2026.4.0-hfd01559_0",
    "libopenvino-ir-frontend-2026.4.0-he33a331_0",
    "libopenvino-hetero-plugin-2026.4.0-he33a331_0",
    "libopenvino-gguf-frontend-2026.4.0-hb2ea1c4_0",
    "libopenvino-auto-plugin-2026.4.0-hb2ea1c4_0",
    "libopenvino-auto-batch-plugin-2026.4.0-hb2ea1c4_0",
    "libopenvino-arm-cpu-plugin-2026.4.0-h3654348_0",
    "libopenvino-2026.4.0-h3654348_0",
    "fonts-conda-ecosystem-1-0",
    "pugixml-1.15-hd3d436d_0",
    "aom-3.14.1-pl5321hf79ea98_2",
    "fontconfig-2.18.3-h81aa574_1",
    "lame-4.0-hef9b5c2_1",
    "libass-0.17.5-h0a551c8_1",
    "libexpat-2.8.5-h6111c0a_0",
    "libfreetype-2.14.3-hce30654_2",
    "libfreetype6-2.14.3-h2ed5691_2",
    "libharfbuzz-14.5.1-hcda0f7c_0",
    "libpng-1.6.59-hf5e6511_0",
    "libglib-2.90.0-hccd281b_0",
    "cairo-1.18.6-h580cee5_0",
    "libjxl-0.12.0-hb71b141_2",
    "liblzma-5.8.3-h8088a28_1",
    "libopus-1.6.1-h74c22ad_1",
    "libplacebo-7.360.1-hca394fb_1",
    "libvorbis-1.3.7-h81086ad_2",
    "libvulkan-loader-1.4.357.0-hfbe1efa_2",
    "libwebp-base-1.6.0-h202fb40_1",
    "libxml2-16-2.15.4-heb56d2d_0",
    "libxml2-2.15.4-h550178d_0",
    "libzlib-1.3.2-h8088a28_3",
    "openh264-2.6.0-hf8510ef_2",
    "sdl2-2.32.56-h784d473_0",
    "shaderc-2026.3-hfd4ff19_1",
    "svt-av1-4.2.0-h484c67d_1",
    "bzip2-1.0.8-h4e30115_10",
    "gmp-6.3.0-hf5e55b1_3",
    "libcxx-23.1.2-h55c6f16_0",
    "libdav1d7-1.5.4-h74c22ad_4",
    "libiconv-1.18-he4c29f2_3",
    "librsvg-2.62.4-hc8ac265_0",
    "openssl-3.6.4-h55eecbc_0",
    "x264-1!164.3095-hb001647_3",
    "x265-3.5-h55d2f36_4",
    "libintl-0.25.1-hae62183_2",
    "fonts-conda-forge-1-hc364b38_1",
    "font-ttf-dejavu-sans-mono-2.37-hab24e00_0",
    "mpg123-1.33.7-h0e3f465_1",
    "fribidi-1.0.17-hb001647_0",
    "graphite2-1.3.15-h784d473_1",
    "icu-78.3-py310h579977c_2",
    "libhwy-1.4.0-hd2bdd19_1",
    "libbrotlienc-1.2.0-h2ddc9cb_4",
    "libbrotlicommon-1.2.0-h1dcdb26_4",
    "libbrotlidec-1.2.0-h5295a6a_4",
    "tbb-2023.1.0-h81c76ee_2",
    "libabseil-20260526.0-cxx17_h4c27e2a_2",
    "libprotobuf-7.35.1-h391e224_3",
    "snappy-1.2.2-h3951085_2",
    "libdovi-3.4.0-hc336dc4_1",
    "lcms2-2.19.1-hce41798_3",
    "pango-1.58.2-hf9b25ef_1",
    "gdk-pixbuf-2.44.8-h5867e2c_2",
    "libogg-1.3.5-h48c0fde_1",
    "ca-certificates-2026.7.22-hbd8a1cb_0",
    "sdl3-3.4.16-h4bb5895_0",
    "glslang-16.6.0-h1a33c25_0",
    "spirv-tools-2026.3-hc0b298b_1",
    "font-ttf-ubuntu-0.83-h77eed37_3",
    "font-ttf-inconsolata-3.000-h77eed37_0",
    "font-ttf-source-code-pro-2.038-h77eed37_0",
    "pixman-0.46.4-h784d473_3",
    "libffi-3.7.0-h47dc5ef_1",
    "pcre2-10.47-he63d830_1",
    "libhwloc-2.15.0-default_h98d0dc1_1001",
    "libjpeg-turbo-3.2.0-h84a0fba_1",
    "libtiff-4.7.2-hf67920b_1",
    "lerc-4.2.0-h1eee2c3_0",
    "libusb-1.0.30-h74c22ad_0",
    "dbus-1.16.2-hf049998_2",
    "libdeflate-1.25-he7e0567_1",
    "zstd-1.5.7-hf451053_7",
]

[[tools."conda:git"]]
version = "2.55.0"
backend = "conda:git"

[tools."conda:git".options]
channel = "conda-forge"

[tools."conda:git"."platforms.macos-arm64"]
checksum = "sha256:a10bbb7fcf02454996776c30bb982aaa23639a017bc7c4f81bf731ad4c61b7d5"
url = "https://conda.anaconda.org/conda-forge/osx-arm64/git-2.55.0-pl5321h66f49b9_3.conda"
conda_deps = [
    "libcurl-8.22.0-h6651222_0",
    "libintl-0.25.1-hae62183_2",
    "libzlib-1.3.2-h8088a28_3",
    "pcre2-10.47-he63d830_1",
    "libexpat-2.8.5-h6111c0a_0",
    "libiconv-1.18-he4c29f2_3",
    "openssl-3.6.4-h55eecbc_0",
    "perl-5.44.0-1_hb001647_perl5",
    "krb5-1.22.2-h34f8a20_2",
    "libnghttp2-1.68.1-h435687b_1",
    "libpsl-0.23.1-hdb0c161_1",
    "libssh2-1.11.1-hbf2880b_1",
    "zstd-1.5.7-hf451053_7",
    "ca-certificates-2026.7.22-hbd8a1cb_0",
    "bzip2-1.0.8-h4e30115_10",
    "libedit-3.1.20250104-pl5321h26f1114_1",
    "libcxx-23.1.2-h55c6f16_0",
    "c-ares-1.34.8-h74c22ad_2",
    "libev-4.33-h1a92334_3",
    "icu-78.3-py310h579977c_2",
    "ncurses-6.6-he64c551_1",
]

[[tools.direnv]]
version = "2.37.1"
backend = "aqua:direnv/direnv"

[tools.direnv."platforms.macos-arm64"]
checksum = "sha256:4f569f3a36732bfd8b8fea7bfcc6ad87a59745c109022164d0ca4832451d5369"
url = "https://github.com/direnv/direnv/releases/download/v2.37.1/direnv.darwin-arm64"
url_api = "https://api.github.com/repos/direnv/direnv/releases/assets/274610544"

[[tools.duckdb]]
version = "1.5.5"
backend = "aqua:duckdb/duckdb"

[tools.duckdb."platforms.macos-arm64"]
checksum = "sha256:7a4bc3a93f7f92f5b40cd09c21afaf98e415c6cb9d9170064993782e779f4115"
url = "https://github.com/duckdb/duckdb/releases/download/v1.5.5/duckdb_cli-osx-universal.zip"
url_api = "https://api.github.com/repos/duckdb/duckdb/releases/assets/485847030"

[[tools.ecspresso]]
version = "2.8.5"
backend = "aqua:kayac/ecspresso"

[tools.ecspresso."platforms.macos-arm64"]
checksum = "sha256:7bff092d896e294417b5aa7a1611dc85955ee6860905b3d94043931ad76c60e7"
url = "https://github.com/kayac/ecspresso/releases/download/v2.8.5/ecspresso_2.8.5_darwin_arm64.tar.gz"
url_api = "https://api.github.com/repos/kayac/ecspresso/releases/assets/469202575"

[[tools.fd]]
version = "10.5.0"
backend = "aqua:sharkdp/fd"

[tools.fd."platforms.macos-arm64"]
checksum = "sha256:b67e1836c468e42e411984b56e52fa7abec08c2bd22c867398e7cc134aac5e12"
url = "https://github.com/sharkdp/fd/releases/download/v10.5.0/fd-v10.5.0-aarch64-apple-darwin.tar.gz"
url_api = "https://api.github.com/repos/sharkdp/fd/releases/assets/530481346"

[[tools.fzf]]
version = "0.74.4"
backend = "aqua:junegunn/fzf"

[tools.fzf."platforms.macos-arm64"]
checksum = "sha256:4f6a113bfc0c7959e0005c78d566a51afc4fcefc956f43735c62a9deb19e92ae"
url = "https://github.com/junegunn/fzf/releases/download/v0.74.4/fzf-0.74.4-darwin_arm64.tar.gz"
url_api = "https://api.github.com/repos/junegunn/fzf/releases/assets/558287774"

[[tools.gh]]
version = "2.97.0"
backend = "aqua:cli/cli"

[tools.gh."platforms.macos-arm64"]
checksum = "sha256:a58b8fd77b417a38f47a0b54d1370c59b0fcdb324ccc9ca002b0998f7c4c999e"
url = "https://github.com/cli/cli/releases/download/v2.97.0/gh_2.97.0_macOS_arm64.zip"
url_api = "https://api.github.com/repos/cli/cli/releases/assets/496108298"
provenance = "github-attestations"

[[tools.ghq]]
version = "1.10.1"
backend = "aqua:x-motemen/ghq"

[tools.ghq."platforms.macos-arm64"]
checksum = "sha256:5e3100de0c5a248eebe6ab176ad94d6e12386af70a58c535368a4301861b1398"
url = "https://github.com/x-motemen/ghq/releases/download/v1.10.1/ghq_darwin_arm64.zip"
url_api = "https://api.github.com/repos/x-motemen/ghq/releases/assets/394135804"

[[tools."github:zenbu-labs/terminal-browser"]]
version = "0.6.0"
backend = "github:zenbu-labs/terminal-browser"

[tools."github:zenbu-labs/terminal-browser"."platforms.macos-arm64"]
checksum = "sha256:d2d1a060b6208f1c8c504a1af825eed0fb05bfadbd8b23f1e0065619c577e749"
url = "https://github.com/zenbu-labs/terminal-browser/releases/download/v0.6.0/terminal-browser-darwin-arm64.tar.gz"
url_api = "https://api.github.com/repos/zenbu-labs/terminal-browser/releases/assets/523316884"

[[tools.gitleaks]]
version = "8.30.1"
backend = "aqua:gitleaks/gitleaks"

[tools.gitleaks."platforms.macos-arm64"]
checksum = "sha256:b40ab0ae55c505963e365f271a8d3846efbc170aa17f2607f13df610a9aeb6a5"
url = "https://github.com/gitleaks/gitleaks/releases/download/v8.30.1/gitleaks_8.30.1_darwin_arm64.tar.gz"
url_api = "https://api.github.com/repos/gitleaks/gitleaks/releases/assets/378332059"

[[tools.go]]
version = "1.26.5"
backend = "core:go"

[tools.go."platforms.macos-arm64"]
checksum = "sha256:efb87ff28af9a188d0536ef5d42e63dd52ba8263cd7344a993cc48dd11dedb6a"
url = "https://dl.google.com/go/go1.26.5.darwin-arm64.tar.gz"

[[tools.herdr]]
version = "0.8.2"
backend = "aqua:ogulcancelik/herdr"

[tools.herdr."platforms.macos-arm64"]
checksum = "sha256:a5d4f4d504d8b309c91f811050559300faba31258425f53c50852fc96f6ae574"
url = "https://github.com/herdrdev/herdr/releases/download/v0.8.2/herdr-macos-aarch64"
url_api = "https://api.github.com/repos/herdrdev/herdr/releases/assets/521169108"

[[tools.lefthook]]
version = "2.1.10"
backend = "aqua:evilmartians/lefthook"

[tools.lefthook."platforms.macos-arm64"]
checksum = "sha256:1dd4dc7b4c50efb1f9d9122cd6535c793738d6e59751c228d49f768ec9dbb604"
url = "https://github.com/evilmartians/lefthook/releases/download/v2.1.10/lefthook_2.1.10_MacOS_arm64.gz"
url_api = "https://api.github.com/repos/evilmartians/lefthook/releases/assets/470227499"
provenance = "github-attestations"

[[tools.node]]
version = "26.5.1"
backend = "core:node"

[tools.node."platforms.macos-arm64"]
checksum = "sha256:f4387df0b46556516d19abf2f2d6806481ac8368aa7f9d96bafed422a56a1d01"
url = "https://nodejs.org/dist/v26.5.1/node-v26.5.1-darwin-arm64.tar.gz"

[[tools."npm:@devcontainers/cli"]]
version = "0.88.0"
backend = "npm:@devcontainers/cli"

[[tools."npm:@informalsystems/quint"]]
version = "0.32.0"
backend = "npm:@informalsystems/quint"

[[tools."npm:@openai/codex"]]
version = "0.155.1"
backend = "npm:@openai/codex"

[[tools."npm:@openai/codex-security"]]
version = "0.1.5"
backend = "npm:@openai/codex-security"

[[tools."npm:hunkdiff"]]
version = "0.17.7"
backend = "npm:hunkdiff"

[[tools.opencode]]
version = "1.18.11"
backend = "aqua:anomalyco/opencode"

[tools.opencode."platforms.macos-arm64"]
checksum = "sha256:188ff6a716bcd40e33ac62f17f4aec9bd760164fa6a2cde66f779a5db4abc7ce"
url = "https://github.com/anomalyco/opencode/releases/download/v1.18.11/opencode-darwin-arm64.zip"
url_api = "https://api.github.com/repos/anomalyco/opencode/releases/assets/497843327"

[[tools."pipx:apm-cli"]]
version = "0.26.0"
backend = "pipx:apm-cli"

[[tools.pnpm]]
version = "11.20.0"
backend = "aqua:pnpm/pnpm"

[tools.pnpm."platforms.macos-arm64"]
checksum = "sha256:4bc97fea72e5c92eec1fefc8d410c35d01e0d0d52f3160c59f38c32db58b5cd2"
url = "https://github.com/pnpm/pnpm/releases/download/v11.20.0/pnpm-darwin-arm64.tar.gz"
url_api = "https://api.github.com/repos/pnpm/pnpm/releases/assets/500142373"
provenance = "github-attestations"

[[tools.ripgrep]]
version = "15.2.0"
backend = "aqua:BurntSushi/ripgrep"

[tools.ripgrep."platforms.macos-arm64"]
checksum = "sha256:3750b2e93f37e0c692657da574d7019a101c0084da05a790c83fd335bad973e4"
url = "https://github.com/BurntSushi/ripgrep/releases/download/15.2.0/ripgrep-15.2.0-aarch64-apple-darwin.tar.gz"
url_api = "https://api.github.com/repos/BurntSushi/ripgrep/releases/assets/478118851"

[[tools.ruby]]
version = "4.0.6"
backend = "core:ruby"

[tools.ruby.options]
compile = "true"
ruby_build_repo = "https://github.com/rbenv/ruby-build.git"
ruby_install = "false"

[tools.ruby."platforms.macos-arm64"]
checksum = "sha256:837d299e8f7ddf2be31a229a7a7e019d354979825117989acb3b32b1a9be262a"
url = "https://cache.ruby-lang.org/pub/ruby/4.0/ruby-4.0.6.tar.gz"

[[tools.rust]]
version = "1.97.1"
backend = "core:rust"

[tools.rust.options]
components = "clippy,rustfmt"

[[tools.uv]]
version = "0.12.1"
backend = "aqua:astral-sh/uv"

[tools.uv."platforms.macos-arm64"]
checksum = "sha256:77d2906988e8074fd43f2f329ec452ebbf9b0c257ba1c66451c71de70a6baf42"
url = "https://github.com/astral-sh/uv/releases/download/0.12.1/uv-aarch64-apple-darwin.tar.gz"
url_api = "https://api.github.com/repos/astral-sh/uv/releases/assets/497097062"
provenance = "github-attestations"

[[tools.xcodegen]]
version = "2.46.0"
backend = "aqua:yonaskolb/XcodeGen"

[tools.xcodegen."platforms.macos-arm64"]
checksum = "sha256:4d9e34b62172d645eed6457cac13fc222569974098ef4ee9c3368bedf0196806"
url = "https://github.com/yonaskolb/XcodeGen/releases/download/2.46.0/xcodegen.zip"
url_api = "https://api.github.com/repos/yonaskolb/XcodeGen/releases/assets/478866069"

[[tools.zoxide]]
version = "0.10.0"
backend = "aqua:ajeetdsouza/zoxide"

[tools.zoxide."platforms.macos-arm64"]
checksum = "sha256:b55ae6f2f5f23d0a6ccb3bd4eeb2af9c7e0a6556e5255c82100e40305129bbb0"
url = "https://github.com/ajeetdsouza/zoxide/releases/download/v0.10.0/zoxide-0.10.0-aarch64-apple-darwin.tar.gz"
url_api = "https://api.github.com/repos/ajeetdsouza/zoxide/releases/assets/466316174"
