{
  "nodes": {
    "nix-darwin": {
      "inputs": {
        "nixpkgs": [
          "nixpkgs"
        ]
      },
      "locked": {
        "lastModified": 1779036909,
        "narHash": "sha256-zXcwYQGCT6pzinK+1dBB2ekTVtfxGZAapb3Evdcu4fY=",
        "owner": "nix-darwin",
        "repo": "nix-darwin",
        "rev": "56c666e108467d87d13508936aade6d567f2a501",
        "type": "github"
      },
      "original": {
        "owner": "nix-darwin",
        "repo": "nix-darwin",
        "rev": "56c666e108467d87d13508936aade6d567f2a501",
        "type": "github"
      }
    },
    "nixpkgs": {
      "locked": {
        "lastModified": 1779622335,
        "narHash": "sha256-ViA62qtL5za7V3d5I8OA9q9JcFhsVAiL5jVHwEclWqk=",
        "owner": "NixOS",
        "repo": "nixpkgs",
        "rev": "705e9929918b43bd7b715dc0a878ac870449bb03",
        "type": "github"
      },
      "original": {
        "owner": "NixOS",
        "repo": "nixpkgs",
        "rev": "705e9929918b43bd7b715dc0a878ac870449bb03",
        "type": "github"
      }
    },
    "root": {
      "inputs": {
        "nix-darwin": "nix-darwin",
        "nixpkgs": "nixpkgs",
        "zundamonotify": "zundamonotify"
      }
    },
    "zundamonotify": {
      "inputs": {
        "nixpkgs": [
          "nixpkgs"
        ]
      },
      "locked": {
        "lastModified": 1785579633,
        "narHash": "sha256-t55up2vb/TeyCmXRSAUFH87XyrAv2JFpu+oUTERli/g=",
        "owner": "9sako6",
        "repo": "zundamonotify",
        "rev": "09a246f93b2f2aa6307c49136751c0386fb5c485",
        "type": "github"
      },
      "original": {
        "owner": "9sako6",
        "repo": "zundamonotify",
        "rev": "09a246f93b2f2aa6307c49136751c0386fb5c485",
        "type": "github"
      }
    }
  },
  "root": "root",
  "version": 7
}
